{
  "name": "ngrx-store-ionic-storage",
  "version": "6.0.0",
  "lockfileVersion": 1,
  "requires": true,
  "dependencies": {
    "@angular/compiler": {
      "version": "10.0.14",
      "resolved": "http://swwnexusp0.suvanet.ch:18081/nexus/repository/npm-all/@angular/compiler/-/compiler-10.0.14.tgz",
      "integrity": "sha512-lYNo6/MmnYAVFoDQDBB6HMFd9zHg3RHXc6hn+wchU0XSWiIsg6WYHbKOb/DyqUEyKebzy0gSKZf7gUeZHtj62Q==",
      "dev": true,
      "requires": {
        "tslib": "^2.0.0"
      }
    },
    "@angular/compiler-cli": {
      "version": "10.0.14",
      "resolved": "http://swwnexusp0.suvanet.ch:18081/nexus/repository/npm-all/@angular/compiler-cli/-/compiler-cli-10.0.14.tgz",
      "integrity": "sha512-WK+S90sjc+3iMo8/CuuAX0RdGFwyA9esqqC5fYG/MDZjKuPuhogiimmR0rY3P1Th7B9di8x012xiILbf4GsGUQ==",
      "dev": true,
      "requires": {
        "canonical-path": "1.0.0",
        "chokidar": "^3.0.0",
        "convert-source-map": "^1.5.1",
        "dependency-graph": "^0.7.2",
        "fs-extra": "4.0.2",
        "magic-string": "^0.25.0",
        "minimist": "^1.2.0",
        "reflect-metadata": "^0.1.2",
        "semver": "^6.3.0",
        "source-map": "^0.6.1",
        "sourcemap-codec": "^1.4.8",
        "tslib": "^2.0.0",
        "yargs": "15.3.0"
      }
    },
    "@angular/core": {
      "version": "10.0.14",
      "resolved": "http://swwnexusp0.suvanet.ch:18081/nexus/repository/npm-all/@angular/core/-/core-10.0.14.tgz",
      "integrity": "sha512-m+c9g6fA/gE+6K7It01b6r8TEmbuFjUZajQ9gG/pzist0mTBcqfvn0O4h5X+ebnSgw/bbnnp+4PbaXEi1pOWZQ==",
      "dev": true,
      "requires": {
        "tslib": "^2.0.0"
      }
    },
    "@ionic/storage": {
      "version": "2.3.1",
      "resolved": "http://swwnexusp0.suvanet.ch:18081/nexus/repository/npm-all/@ionic/storage/-/storage-2.3.1.tgz",
      "integrity": "sha512-IdYKr6xRatumkhceVbjmySCrA20KKcojQN0MyS857D4OgvcDtQhG9mvTXtfX/tU2hxaFlN6WkUaQOy3oPFcJvA==",
      "dev": true,
      "requires": {
        "localforage": "1.7.1",
        "localforage-cordovasqlitedriver": "1.7.0",
        "tslib": "^1.10.0"
      },
      "dependencies": {
        "tslib": {
          "version": "1.14.1",
          "resolved": "http://swwnexusp0.suvanet.ch:18081/nexus/repository/npm-all/tslib/-/tslib-1.14.1.tgz",
          "integrity": "sha512-Xni35NKzjgMrwevysHTCArtLDpPvye8zV/0E4EyYn43P7/7qvQwPh9BGkHewbMulVntbigmcT7rdX3BNo9wRJg==",
          "dev": true
        }
      }
    },
    "@ngrx/effects": {
      "version": "10.1.0",
      "resolved": "http://swwnexusp0.suvanet.ch:18081/nexus/repository/npm-all/@ngrx/effects/-/effects-10.1.0.tgz",
      "integrity": "sha512-KQfEZAgTu317/xLc2WL/Qqf/DAEsBBCZNcMubSiuOZr7Sja/syW8tdOfm+jtAOYt4ORg8XX0W8aI54bxyliFDA==",
      "dev": true,
      "requires": {
        "tslib": "^2.0.0"
      }
    },
    "@ngrx/store": {
      "version": "10.1.0",
      "resolved": "http://swwnexusp0.suvanet.ch:18081/nexus/repository/npm-all/@ngrx/store/-/store-10.1.0.tgz",
      "integrity": "sha512-CBr9Jxd7Q4KYKNXuyhhd+AW2wzuScpH0aPdkbe7+PZOaUNTeBwGbrlmAr5L4FIJarmk4y0hZJH2o/gxRnp9mpQ==",
      "dev": true,
      "requires": {
        "tslib": "^2.0.0"
      }
    },
    "ansi-regex": {
      "version": "5.0.0",
      "resolved": "http://swwnexusp0.suvanet.ch:18081/nexus/repository/npm-all/ansi-regex/-/ansi-regex-5.0.0.tgz",
      "integrity": "sha512-bY6fj56OUQ0hU1KjFNDQuJFezqKdrAyFdIevADiqrWHwSlbmBNMHp5ak2f40Pm8JTFyM2mqxkG6ngkHO11f/lg==",
      "dev": true
    },
    "ansi-styles": {
      "version": "4.3.0",
      "resolved": "http://swwnexusp0.suvanet.ch:18081/nexus/repository/npm-all/ansi-styles/-/ansi-styles-4.3.0.tgz",
      "integrity": "sha512-zbB9rCJAT1rbjiVDb2hqKFHNYLxgtk8NURxZ3IZwD3F6NtxbXZQCnnSi1Lkx+IDohdPlFp222wVALIheZJQSEg==",
      "dev": true,
      "requires": {
        "color-convert": "^2.0.1"
      }
    },
    "anymatch": {
      "version": "3.1.1",
      "resolved": "http://swwnexusp0.suvanet.ch:18081/nexus/repository/npm-all/anymatch/-/anymatch-3.1.1.tgz",
      "integrity": "sha512-mM8522psRCqzV+6LhomX5wgp25YVibjh8Wj23I5RPkPppSVSjyKD2A2mBJmWGa+KN7f2D6LNh9jkBCeyLktzjg==",
      "dev": true,
      "requires": {
        "normalize-path": "^3.0.0",
        "picomatch": "^2.0.4"
      }
    },
    "balanced-match": {
      "version": "1.0.0",
      "resolved": "http://swwnexusp0.suvanet.ch:18081/nexus/repository/npm-all/balanced-match/-/balanced-match-1.0.0.tgz",
      "integrity": "sha1-ibTRmasr7kneFk6gK4nORi1xt2c=",
      "dev": true
    },
    "binary-extensions": {
      "version": "2.1.0",
      "resolved": "http://swwnexusp0.suvanet.ch:18081/nexus/repository/npm-all/binary-extensions/-/binary-extensions-2.1.0.tgz",
      "integrity": "sha512-1Yj8h9Q+QDF5FzhMs/c9+6UntbD5MkRfRwac8DoEm9ZfUBZ7tZ55YcGVAzEe4bXsdQHEk+s9S5wsOKVdZrw0tQ==",
      "dev": true
    },
    "brace-expansion": {
      "version": "1.1.11",
      "resolved": "http://swwnexusp0.suvanet.ch:18081/nexus/repository/npm-all/brace-expansion/-/brace-expansion-1.1.11.tgz",
      "integrity": "sha512-iCuPHDFgrHX7H2vEI/5xpz07zSHB00TpugqhmYtVmMO6518mCuRMoOYFldEBl0g187ufozdaHgWKcYFb61qGiA==",
      "dev": true,
      "requires": {
        "balanced-match": "^1.0.0",
        "concat-map": "0.0.1"
      }
    },
    "braces": {
      "version": "3.0.2",
      "resolved": "http://swwnexusp0.suvanet.ch:18081/nexus/repository/npm-all/braces/-/braces-3.0.2.tgz",
      "integrity": "sha512-b8um+L1RzM3WDSzvhm6gIz1yfTbBt6YTlcEKAvsmqCZZFw46z626lVj9j1yEPW33H5H+lBQpZMP1k8l+78Ha0A==",
      "dev": true,
      "requires": {
        "fill-range": "^7.0.1"
      }
    },
    "camelcase": {
      "version": "5.3.1",
      "resolved": "http://swwnexusp0.suvanet.ch:18081/nexus/repository/npm-all/camelcase/-/camelcase-5.3.1.tgz",
      "integrity": "sha512-L28STB170nwWS63UjtlEOE3dldQApaJXZkOI1uMFfzf3rRuPegHaHesyee+YxQ+W6SvRDQV6UrdOdRiR153wJg==",
      "dev": true
    },
    "canonical-path": {
      "version": "1.0.0",
      "resolved": "http://swwnexusp0.suvanet.ch:18081/nexus/repository/npm-all/canonical-path/-/canonical-path-1.0.0.tgz",
      "integrity": "sha512-feylzsbDxi1gPZ1IjystzIQZagYYLvfKrSuygUCgf7z6x790VEzze5QEkdSV1U58RA7Hi0+v6fv4K54atOzATg==",
      "dev": true
    },
    "chokidar": {
      "version": "3.4.3",
      "resolved": "http://swwnexusp0.suvanet.ch:18081/nexus/repository/npm-all/chokidar/-/chokidar-3.4.3.tgz",
      "integrity": "sha512-DtM3g7juCXQxFVSNPNByEC2+NImtBuxQQvWlHunpJIS5Ocr0lG306cC7FCi7cEA0fzmybPUIl4txBIobk1gGOQ==",
      "dev": true,
      "requires": {
        "anymatch": "~3.1.1",
        "braces": "~3.0.2",
        "fsevents": "~2.1.2",
        "glob-parent": "~5.1.0",
        "is-binary-path": "~2.1.0",
        "is-glob": "~4.0.1",
        "normalize-path": "~3.0.0",
        "readdirp": "~3.5.0"
      }
    },
    "cliui": {
      "version": "6.0.0",
      "resolved": "http://swwnexusp0.suvanet.ch:18081/nexus/repository/npm-all/cliui/-/cliui-6.0.0.tgz",
      "integrity": "sha512-t6wbgtoCXvAzst7QgXxJYqPt0usEfbgQdftEPbLL/cvv6HPE5VgvqCuAIDR0NgU52ds6rFwqrgakNLrHEjCbrQ==",
      "dev": true,
      "requires": {
        "string-width": "^4.2.0",
        "strip-ansi": "^6.0.0",
        "wrap-ansi": "^6.2.0"
      }
    },
    "color-convert": {
      "version": "2.0.1",
      "resolved": "http://swwnexusp0.suvanet.ch:18081/nexus/repository/npm-all/color-convert/-/color-convert-2.0.1.tgz",
      "integrity": "sha512-RRECPsj7iu/xb5oKYcsFHSppFNnsj/52OVTRKb4zP5onXwVF3zVmmToNcOfGC+CRDpfK/U584fMg38ZHCaElKQ==",
      "dev": true,
      "requires": {
        "color-name": "~1.1.4"
      }
    },
    "color-name": {
      "version": "1.1.4",
      "resolved": "http://swwnexusp0.suvanet.ch:18081/nexus/repository/npm-all/color-name/-/color-name-1.1.4.tgz",
      "integrity": "sha512-dOy+3AuW3a2wNbZHIuMZpTcgjGuLU/uBL/ubcZF9OXbDo8ff4O8yVp5Bf0efS8uEoYo5q4Fx7dY9OgQGXgAsQA==",
      "dev": true
    },
    "concat-map": {
      "version": "0.0.1",
      "resolved": "http://swwnexusp0.suvanet.ch:18081/nexus/repository/npm-all/concat-map/-/concat-map-0.0.1.tgz",
      "integrity": "sha1-2Klr13/Wjfd5OnMDajug1UBdR3s=",
      "dev": true
    },
    "convert-source-map": {
      "version": "1.7.0",
      "resolved": "http://swwnexusp0.suvanet.ch:18081/nexus/repository/npm-all/convert-source-map/-/convert-source-map-1.7.0.tgz",
      "integrity": "sha512-4FJkXzKXEDB1snCFZlLP4gpC3JILicCpGbzG9f9G7tGqGCzETQ2hWPrcinA9oU4wtf2biUaEH5065UnMeR33oA==",
      "dev": true,
      "requires": {
        "safe-buffer": "~5.1.1"
      }
    },
    "decamelize": {
      "version": "1.2.0",
      "resolved": "http://swwnexusp0.suvanet.ch:18081/nexus/repository/npm-all/decamelize/-/decamelize-1.2.0.tgz",
      "integrity": "sha1-9lNNFRSCabIDUue+4m9QH5oZEpA=",
      "dev": true
    },
    "dependency-graph": {
      "version": "0.7.2",
      "resolved": "http://swwnexusp0.suvanet.ch:18081/nexus/repository/npm-all/dependency-graph/-/dependency-graph-0.7.2.tgz",
      "integrity": "sha512-KqtH4/EZdtdfWX0p6MGP9jljvxSY6msy/pRUD4jgNwVpv3v1QmNLlsB3LDSSUg79BRVSn7jI1QPRtArGABovAQ==",
      "dev": true
    },
    "emoji-regex": {
      "version": "8.0.0",
      "resolved": "http://swwnexusp0.suvanet.ch:18081/nexus/repository/npm-all/emoji-regex/-/emoji-regex-8.0.0.tgz",
      "integrity": "sha512-MSjYzcWNOA0ewAHpz0MxpYFvwg6yjy1NG3xteoqz644VCo/RPgnr1/GGt+ic3iJTzQ8Eu3TdM14SawnVUmGE6A==",
      "dev": true
    },
    "fill-range": {
      "version": "7.0.1",
      "resolved": "http://swwnexusp0.suvanet.ch:18081/nexus/repository/npm-all/fill-range/-/fill-range-7.0.1.tgz",
      "integrity": "sha512-qOo9F+dMUmC2Lcb4BbVvnKJxTPjCm+RRpe4gDuGrzkL7mEVl/djYSu2OdQ2Pa302N4oqkSg9ir6jaLWJ2USVpQ==",
      "dev": true,
      "requires": {
        "to-regex-range": "^5.0.1"
      }
    },
    "find-up": {
      "version": "4.1.0",
      "resolved": "http://swwnexusp0.suvanet.ch:18081/nexus/repository/npm-all/find-up/-/find-up-4.1.0.tgz",
      "integrity": "sha512-PpOwAdQ/YlXQ2vj8a3h8IipDuYRi3wceVQQGYWxNINccq40Anw7BlsEXCMbt1Zt+OLA6Fq9suIpIWD0OsnISlw==",
      "dev": true,
      "requires": {
        "locate-path": "^5.0.0",
        "path-exists": "^4.0.0"
      }
    },
    "fs-extra": {
      "version": "4.0.2",
      "resolved": "http://swwnexusp0.suvanet.ch:18081/nexus/repository/npm-all/fs-extra/-/fs-extra-4.0.2.tgz",
      "integrity": "sha1-+RcExT0bRh+JNFKwwwfZmXZHq2s=",
      "dev": true,
      "requires": {
        "graceful-fs": "^4.1.2",
        "jsonfile": "^4.0.0",
        "universalify": "^0.1.0"
      }
    },
    "fs.realpath": {
      "version": "1.0.0",
      "resolved": "http://swwnexusp0.suvanet.ch:18081/nexus/repository/npm-all/fs.realpath/-/fs.realpath-1.0.0.tgz",
      "integrity": "sha1-FQStJSMVjKpA20onh8sBQRmU6k8=",
      "dev": true
    },
    "fsevents": {
      "version": "2.1.3",
      "resolved": "http://swwnexusp0.suvanet.ch:18081/nexus/repository/npm-all/fsevents/-/fsevents-2.1.3.tgz",
      "integrity": "sha512-Auw9a4AxqWpa9GUfj370BMPzzyncfBABW8Mab7BGWBYDj4Isgq+cDKtx0i6u9jcX9pQDnswsaaOTgTmA5pEjuQ==",
      "dev": true,
      "optional": true
    },
    "get-caller-file": {
      "version": "2.0.5",
      "resolved": "http://swwnexusp0.suvanet.ch:18081/nexus/repository/npm-all/get-caller-file/-/get-caller-file-2.0.5.tgz",
      "integrity": "sha512-DyFP3BM/3YHTQOCUL/w0OZHR0lpKeGrxotcHWcqNEdnltqFwXVfhEBQ94eIo34AfQpo0rGki4cyIiftY06h2Fg==",
      "dev": true
    },
    "glob": {
      "version": "7.1.6",
      "resolved": "http://swwnexusp0.suvanet.ch:18081/nexus/repository/npm-all/glob/-/glob-7.1.6.tgz",
      "integrity": "sha512-LwaxwyZ72Lk7vZINtNNrywX0ZuLyStrdDtabefZKAY5ZGJhVtgdznluResxNmPitE0SAO+O26sWTHeKSI2wMBA==",
      "dev": true,
      "requires": {
        "fs.realpath": "^1.0.0",
        "inflight": "^1.0.4",
        "inherits": "2",
        "minimatch": "^3.0.4",
        "once": "^1.3.0",
        "path-is-absolute": "^1.0.0"
      }
    },
    "glob-parent": {
      "version": "5.1.1",
      "resolved": "http://swwnexusp0.suvanet.ch:18081/nexus/repository/npm-all/glob-parent/-/glob-parent-5.1.1.tgz",
      "integrity": "sha512-FnI+VGOpnlGHWZxthPGR+QhR78fuiK0sNLkHQv+bL9fQi57lNNdquIbna/WrfROrolq8GK5Ek6BiMwqL/voRYQ==",
      "dev": true,
      "requires": {
        "is-glob": "^4.0.1"
      }
    },
    "graceful-fs": {
      "version": "4.2.4",
      "resolved": "http://swwnexusp0.suvanet.ch:18081/nexus/repository/npm-all/graceful-fs/-/graceful-fs-4.2.4.tgz",
      "integrity": "sha512-WjKPNJF79dtJAVniUlGGWHYGz2jWxT6VhN/4m1NdkbZ2nOsEF+cI1Edgql5zCRhs/VsQYRvrXctxktVXZUkixw==",
      "dev": true
    },
    "immediate": {
      "version": "3.0.6",
      "resolved": "http://swwnexusp0.suvanet.ch:18081/nexus/repository/npm-all/immediate/-/immediate-3.0.6.tgz",
      "integrity": "sha1-nbHb0Pr43m++D13V5Wu2BigN5ps=",
      "dev": true
    },
    "inflight": {
      "version": "1.0.6",
      "resolved": "http://swwnexusp0.suvanet.ch:18081/nexus/repository/npm-all/inflight/-/inflight-1.0.6.tgz",
      "integrity": "sha1-Sb1jMdfQLQwJvJEKEHW6gWW1bfk=",
      "dev": true,
      "requires": {
        "once": "^1.3.0",
        "wrappy": "1"
      }
    },
    "inherits": {
      "version": "2.0.4",
      "resolved": "http://swwnexusp0.suvanet.ch:18081/nexus/repository/npm-all/inherits/-/inherits-2.0.4.tgz",
      "integrity": "sha512-k/vGaX4/Yla3WzyMCvTQOXYeIHvqOKtnqBduzTHpzpQZzAskKMhZ2K+EnBiSM9zGSoIFeMpXKxa4dYeZIQqewQ==",
      "dev": true
    },
    "is-binary-path": {
      "version": "2.1.0",
      "resolved": "http://swwnexusp0.suvanet.ch:18081/nexus/repository/npm-all/is-binary-path/-/is-binary-path-2.1.0.tgz",
      "integrity": "sha512-ZMERYes6pDydyuGidse7OsHxtbI7WVeUEozgR/g7rd0xUimYNlvZRE/K2MgZTjWy725IfelLeVcEM97mmtRGXw==",
      "dev": true,
      "requires": {
        "binary-extensions": "^2.0.0"
      }
    },
    "is-extglob": {
      "version": "2.1.1",
      "resolved": "http://swwnexusp0.suvanet.ch:18081/nexus/repository/npm-all/is-extglob/-/is-extglob-2.1.1.tgz",
      "integrity": "sha1-qIwCU1eR8C7TfHahueqXc8gz+MI=",
      "dev": true
    },
    "is-fullwidth-code-point": {
      "version": "3.0.0",
      "resolved": "http://swwnexusp0.suvanet.ch:18081/nexus/repository/npm-all/is-fullwidth-code-point/-/is-fullwidth-code-point-3.0.0.tgz",
      "integrity": "sha512-zymm5+u+sCsSWyD9qNaejV3DFvhCKclKdizYaJUuHA83RLjb7nSuGnddCHGv0hk+KY7BMAlsWeK4Ueg6EV6XQg==",
      "dev": true
    },
    "is-glob": {
      "version": "4.0.1",
      "resolved": "http://swwnexusp0.suvanet.ch:18081/nexus/repository/npm-all/is-glob/-/is-glob-4.0.1.tgz",
      "integrity": "sha512-5G0tKtBTFImOqDnLB2hG6Bp2qcKEFduo4tZu9MT/H6NQv/ghhy30o55ufafxJ/LdH79LLs2Kfrn85TLKyA7BUg==",
      "dev": true,
      "requires": {
        "is-extglob": "^2.1.1"
      }
    },
    "is-number": {
      "version": "7.0.0",
      "resolved": "http://swwnexusp0.suvanet.ch:18081/nexus/repository/npm-all/is-number/-/is-number-7.0.0.tgz",
      "integrity": "sha512-41Cifkg6e8TylSpdtTpeLVMqvSBEVzTttHvERD741+pnZ8ANv0004MRL43QKPDlK9cGvNp6NZWZUBlbGXYxxng==",
      "dev": true
    },
    "jsonfile": {
      "version": "4.0.0",
      "resolved": "http://swwnexusp0.suvanet.ch:18081/nexus/repository/npm-all/jsonfile/-/jsonfile-4.0.0.tgz",
      "integrity": "sha1-h3Gq4HmbZAdrdmQPygWPnBDjPss=",
      "dev": true,
      "requires": {
        "graceful-fs": "^4.1.6"
      }
    },
    "lie": {
      "version": "3.1.1",
      "resolved": "http://swwnexusp0.suvanet.ch:18081/nexus/repository/npm-all/lie/-/lie-3.1.1.tgz",
      "integrity": "sha1-mkNrLMd0bKWd56QfpGmz77dr2H4=",
      "dev": true,
      "requires": {
        "immediate": "~3.0.5"
      }
    },
    "localforage": {
      "version": "1.7.1",
      "resolved": "http://swwnexusp0.suvanet.ch:18081/nexus/repository/npm-all/localforage/-/localforage-1.7.1.tgz",
      "integrity": "sha1-5JJ+BCMCuGTbMPMhHxO1xvDell0=",
      "dev": true,
      "requires": {
        "lie": "3.1.1"
      }
    },
    "localforage-cordovasqlitedriver": {
      "version": "1.7.0",
      "resolved": "http://swwnexusp0.suvanet.ch:18081/nexus/repository/npm-all/localforage-cordovasqlitedriver/-/localforage-cordovasqlitedriver-1.7.0.tgz",
      "integrity": "sha1-i5OVd1nuaI06WNW6fAR39sy1ODg=",
      "dev": true,
      "requires": {
        "localforage": ">=1.5.0"
      }
    },
    "locate-path": {
      "version": "5.0.0",
      "resolved": "http://swwnexusp0.suvanet.ch:18081/nexus/repository/npm-all/locate-path/-/locate-path-5.0.0.tgz",
      "integrity": "sha512-t7hw9pI+WvuwNJXwk5zVHpyhIqzg2qTlklJOf0mVxGSbe3Fp2VieZcduNYjaLDoy6p9uGpQEGWG87WpMKlNq8g==",
      "dev": true,
      "requires": {
        "p-locate": "^4.1.0"
      }
    },
    "magic-string": {
      "version": "0.25.7",
      "resolved": "http://swwnexusp0.suvanet.ch:18081/nexus/repository/npm-all/magic-string/-/magic-string-0.25.7.tgz",
      "integrity": "sha512-4CrMT5DOHTDk4HYDlzmwu4FVCcIYI8gauveasrdCu2IKIFOJ3f0v/8MDGJCDL9oD2ppz/Av1b0Nj345H9M+XIA==",
      "dev": true,
      "requires": {
        "sourcemap-codec": "^1.4.4"
      }
    },
    "minimatch": {
      "version": "3.0.4",
      "resolved": "http://swwnexusp0.suvanet.ch:18081/nexus/repository/npm-all/minimatch/-/minimatch-3.0.4.tgz",
      "integrity": "sha512-yJHVQEhyqPLUTgt9B83PXu6W3rx4MvvHvSUvToogpwoGDOUQ+yDrR0HRot+yOCdCO7u4hX3pWft6kWBBcqh0UA==",
      "dev": true,
      "requires": {
        "brace-expansion": "^1.1.7"
      }
    },
    "minimist": {
      "version": "1.2.5",
      "resolved": "http://swwnexusp0.suvanet.ch:18081/nexus/repository/npm-all/minimist/-/minimist-1.2.5.tgz",
      "integrity": "sha512-FM9nNUYrRBAELZQT3xeZQ7fmMOBg6nWNmJKTcgsJeaLstP/UODVpGsr5OhXhhXg6f+qtJ8uiZ+PUxkDWcgIXLw==",
      "dev": true
    },
    "normalize-path": {
      "version": "3.0.0",
      "resolved": "http://swwnexusp0.suvanet.ch:18081/nexus/repository/npm-all/normalize-path/-/normalize-path-3.0.0.tgz",
      "integrity": "sha512-6eZs5Ls3WtCisHWp9S2GUy8dqkpGi4BVSz3GaqiE6ezub0512ESztXUwUB6C6IKbQkY2Pnb/mD4WYojCRwcwLA==",
      "dev": true
    },
    "once": {
      "version": "1.4.0",
      "resolved": "http://swwnexusp0.suvanet.ch:18081/nexus/repository/npm-all/once/-/once-1.4.0.tgz",
      "integrity": "sha1-WDsap3WWHUsROsF9nFC6753Xa9E=",
      "dev": true,
      "requires": {
        "wrappy": "1"
      }
    },
    "p-limit": {
      "version": "2.3.0",
      "resolved": "http://swwnexusp0.suvanet.ch:18081/nexus/repository/npm-all/p-limit/-/p-limit-2.3.0.tgz",
      "integrity": "sha512-//88mFWSJx8lxCzwdAABTJL2MyWB12+eIY7MDL2SqLmAkeKU9qxRvWuSyTjm3FUmpBEMuFfckAIqEaVGUDxb6w==",
      "dev": true,
      "requires": {
        "p-try": "^2.0.0"
      }
    },
    "p-locate": {
      "version": "4.1.0",
      "resolved": "http://swwnexusp0.suvanet.ch:18081/nexus/repository/npm-all/p-locate/-/p-locate-4.1.0.tgz",
      "integrity": "sha512-R79ZZ/0wAxKGu3oYMlz8jy/kbhsNrS7SKZ7PxEHBgJ5+F2mtFW2fK2cOtBh1cHYkQsbzFV7I+EoRKe6Yt0oK7A==",
      "dev": true,
      "requires": {
        "p-limit": "^2.2.0"
      }
    },
    "p-try": {
      "version": "2.2.0",
      "resolved": "http://swwnexusp0.suvanet.ch:18081/nexus/repository/npm-all/p-try/-/p-try-2.2.0.tgz",
      "integrity": "sha512-R4nPAVTAU0B9D35/Gk3uJf/7XYbQcyohSKdvAxIRSNghFl4e71hVoGnBNQz9cWaXxO2I10KTC+3jMdvvoKw6dQ==",
      "dev": true
    },
    "path-exists": {
      "version": "4.0.0",
      "resolved": "http://swwnexusp0.suvanet.ch:18081/nexus/repository/npm-all/path-exists/-/path-exists-4.0.0.tgz",
      "integrity": "sha512-ak9Qy5Q7jYb2Wwcey5Fpvg2KoAc/ZIhLSLOSBmRmygPsGwkVVt0fZa0qrtMz+m6tJTAHfZQ8FnmB4MG4LWy7/w==",
      "dev": true
    },
    "path-is-absolute": {
      "version": "1.0.1",
      "resolved": "http://swwnexusp0.suvanet.ch:18081/nexus/repository/npm-all/path-is-absolute/-/path-is-absolute-1.0.1.tgz",
      "integrity": "sha1-F0uSaHNVNP+8es5r9TpanhtcX18=",
      "dev": true
    },
    "picomatch": {
      "version": "2.2.2",
      "resolved": "http://swwnexusp0.suvanet.ch:18081/nexus/repository/npm-all/picomatch/-/picomatch-2.2.2.tgz",
      "integrity": "sha512-q0M/9eZHzmr0AulXyPwNfZjtwZ/RBZlbN3K3CErVrk50T2ASYI7Bye0EvekFY3IP1Nt2DHu0re+V2ZHIpMkuWg==",
      "dev": true
    },
    "readdirp": {
      "version": "3.5.0",
      "resolved": "http://swwnexusp0.suvanet.ch:18081/nexus/repository/npm-all/readdirp/-/readdirp-3.5.0.tgz",
      "integrity": "sha512-cMhu7c/8rdhkHXWsY+osBhfSy0JikwpHK/5+imo+LpeasTF8ouErHrlYkwT0++njiyuDvc7OFY5T3ukvZ8qmFQ==",
      "dev": true,
      "requires": {
        "picomatch": "^2.2.1"
      }
    },
    "reflect-metadata": {
      "version": "0.1.13",
      "resolved": "http://swwnexusp0.suvanet.ch:18081/nexus/repository/npm-all/reflect-metadata/-/reflect-metadata-0.1.13.tgz",
      "integrity": "sha512-Ts1Y/anZELhSsjMcU605fU9RE4Oi3p5ORujwbIKXfWa+0Zxs510Qrmrce5/Jowq3cHSZSJqBjypxmHarc+vEWg==",
      "dev": true
    },
    "require-directory": {
      "version": "2.1.1",
      "resolved": "http://swwnexusp0.suvanet.ch:18081/nexus/repository/npm-all/require-directory/-/require-directory-2.1.1.tgz",
      "integrity": "sha1-jGStX9MNqxyXbiNE/+f3kqam30I=",
      "dev": true
    },
    "require-main-filename": {
      "version": "2.0.0",
      "resolved": "http://swwnexusp0.suvanet.ch:18081/nexus/repository/npm-all/require-main-filename/-/require-main-filename-2.0.0.tgz",
      "integrity": "sha512-NKN5kMDylKuldxYLSUfrbo5Tuzh4hd+2E8NPPX02mZtn1VuREQToYe/ZdlJy+J3uCpfaiGF05e7B8W0iXbQHmg==",
      "dev": true
    },
    "rimraf": {
      "version": "3.0.2",
      "resolved": "http://swwnexusp0.suvanet.ch:18081/nexus/repository/npm-all/rimraf/-/rimraf-3.0.2.tgz",
      "integrity": "sha512-JZkJMZkAGFFPP2YqXZXPbMlMBgsxzE8ILs4lMIX/2o0L9UBw9O/Y3o6wFw/i9YLapcUJWwqbi3kdxIPdC62TIA==",
      "dev": true,
      "requires": {
        "glob": "^7.1.3"
      }
    },
    "rxjs": {
      "version": "6.6.3",
      "resolved": "http://swwnexusp0.suvanet.ch:18081/nexus/repository/npm-all/rxjs/-/rxjs-6.6.3.tgz",
      "integrity": "sha512-trsQc+xYYXZ3urjOiJOuCOa5N3jAZ3eiSpQB5hIT8zGlL2QfnHLJ2r7GMkBGuIausdJN1OneaI6gQlsqNHHmZQ==",
      "dev": true,
      "requires": {
        "tslib": "^1.9.0"
      },
      "dependencies": {
        "tslib": {
          "version": "1.14.1",
          "resolved": "http://swwnexusp0.suvanet.ch:18081/nexus/repository/npm-all/tslib/-/tslib-1.14.1.tgz",
          "integrity": "sha512-Xni35NKzjgMrwevysHTCArtLDpPvye8zV/0E4EyYn43P7/7qvQwPh9BGkHewbMulVntbigmcT7rdX3BNo9wRJg==",
          "dev": true
        }
      }
    },
    "safe-buffer": {
      "version": "5.1.2",
      "resolved": "http://swwnexusp0.suvanet.ch:18081/nexus/repository/npm-all/safe-buffer/-/safe-buffer-5.1.2.tgz",
      "integrity": "sha512-Gd2UZBJDkXlY7GbJxfsE8/nvKkUEU1G38c1siN6QP6a9PT9MmHB8GnpscSmMJSoF8LOIrt8ud/wPtojys4G6+g==",
      "dev": true
    },
    "semver": {
      "version": "6.3.0",
      "resolved": "http://swwnexusp0.suvanet.ch:18081/nexus/repository/npm-all/semver/-/semver-6.3.0.tgz",
      "integrity": "sha512-b39TBaTSfV6yBrapU89p5fKekE2m/NwnDocOVruQFS1/veMgdzuPcnOM34M6CwxW8jH/lxEa5rBoDeUwu5HHTw==",
      "dev": true
    },
    "set-blocking": {
      "version": "2.0.0",
      "resolved": "http://swwnexusp0.suvanet.ch:18081/nexus/repository/npm-all/set-blocking/-/set-blocking-2.0.0.tgz",
      "integrity": "sha1-BF+XgtARrppoA93TgrJDkrPYkPc=",
      "dev": true
    },
    "source-map": {
      "version": "0.6.1",
      "resolved": "http://swwnexusp0.suvanet.ch:18081/nexus/repository/npm-all/source-map/-/source-map-0.6.1.tgz",
      "integrity": "sha512-UjgapumWlbMhkBgzT7Ykc5YXUT46F0iKu8SGXq0bcwP5dz/h0Plj6enJqjz1Zbq2l5WaqYnrVbwWOWMyF3F47g==",
      "dev": true
    },
    "sourcemap-codec": {
      "version": "1.4.8",
      "resolved": "http://swwnexusp0.suvanet.ch:18081/nexus/repository/npm-all/sourcemap-codec/-/sourcemap-codec-1.4.8.tgz",
      "integrity": "sha512-9NykojV5Uih4lgo5So5dtw+f0JgJX30KCNI8gwhz2J9A15wD0Ml6tjHKwf6fTSa6fAdVBdZeNOs9eJ71qCk8vA==",
      "dev": true
    },
    "string-width": {
      "version": "4.2.0",
      "resolved": "http://swwnexusp0.suvanet.ch:18081/nexus/repository/npm-all/string-width/-/string-width-4.2.0.tgz",
      "integrity": "sha512-zUz5JD+tgqtuDjMhwIg5uFVV3dtqZ9yQJlZVfq4I01/K5Paj5UHj7VyrQOJvzawSVlKpObApbfD0Ed6yJc+1eg==",
      "dev": true,
      "requires": {
        "emoji-regex": "^8.0.0",
        "is-fullwidth-code-point": "^3.0.0",
        "strip-ansi": "^6.0.0"
      }
    },
    "strip-ansi": {
      "version": "6.0.0",
      "resolved": "http://swwnexusp0.suvanet.ch:18081/nexus/repository/npm-all/strip-ansi/-/strip-ansi-6.0.0.tgz",
      "integrity": "sha512-AuvKTrTfQNYNIctbR1K/YGTR1756GycPsg7b9bdV9Duqur4gv6aKqHXah67Z8ImS7WEz5QVcOtlfW2rZEugt6w==",
      "dev": true,
      "requires": {
        "ansi-regex": "^5.0.0"
      }
    },
    "to-regex-range": {
      "version": "5.0.1",
      "resolved": "http://swwnexusp0.suvanet.ch:18081/nexus/repository/npm-all/to-regex-range/-/to-regex-range-5.0.1.tgz",
      "integrity": "sha512-65P7iz6X5yEr1cwcgvQxbbIw7Uk3gOy5dIdtZ4rDveLqhrdJP+Li/Hx6tyK0NEb+2GCyneCMJiGqrADCSNk8sQ==",
      "dev": true,
      "requires": {
        "is-number": "^7.0.0"
      }
    },
    "tslib": {
      "version": "2.0.3",
      "resolved": "http://swwnexusp0.suvanet.ch:18081/nexus/repository/npm-all/tslib/-/tslib-2.0.3.tgz",
      "integrity": "sha512-uZtkfKblCEQtZKBF6EBXVZeQNl82yqtDQdv+eck8u7tdPxjLu2/lp5/uPW+um2tpuxINHWy3GhiccY7QgEaVHQ==",
      "dev": true
    },
    "typescript": {
      "version": "3.9.7",
      "resolved": "http://swwnexusp0.suvanet.ch:18081/nexus/repository/npm-all/typescript/-/typescript-3.9.7.tgz",
      "integrity": "sha512-BLbiRkiBzAwsjut4x/dsibSTB6yWpwT5qWmC2OfuCg3GgVQCSgMs4vEctYPhsaGtd0AeuuHMkjZ2h2WG8MSzRw==",
      "dev": true
    },
    "universalify": {
      "version": "0.1.2",
      "resolved": "http://swwnexusp0.suvanet.ch:18081/nexus/repository/npm-all/universalify/-/universalify-0.1.2.tgz",
      "integrity": "sha512-rBJeI5CXAlmy1pV+617WB9J63U6XcazHHF2f2dbJix4XzpUF0RS3Zbj0FGIOCAva5P/d/GBOYaACQ1w+0azUkg==",
      "dev": true
    },
    "which-module": {
      "version": "2.0.0",
      "resolved": "http://swwnexusp0.suvanet.ch:18081/nexus/repository/npm-all/which-module/-/which-module-2.0.0.tgz",
      "integrity": "sha1-2e8H3Od7mQK4o6j6SzHD4/fm6Ho=",
      "dev": true
    },
    "wrap-ansi": {
      "version": "6.2.0",
      "resolved": "http://swwnexusp0.suvanet.ch:18081/nexus/repository/npm-all/wrap-ansi/-/wrap-ansi-6.2.0.tgz",
      "integrity": "sha512-r6lPcBGxZXlIcymEu7InxDMhdW0KDxpLgoFLcguasxCaJ/SOIZwINatK9KY/tf+ZrlywOKU0UDj3ATXUBfxJXA==",
      "dev": true,
      "requires": {
        "ansi-styles": "^4.0.0",
        "string-width": "^4.1.0",
        "strip-ansi": "^6.0.0"
      }
    },
    "wrappy": {
      "version": "1.0.2",
      "resolved": "http://swwnexusp0.suvanet.ch:18081/nexus/repository/npm-all/wrappy/-/wrappy-1.0.2.tgz",
      "integrity": "sha1-tSQ9jz7BqjXxNkYFvA0QNuMKtp8=",
      "dev": true
    },
    "y18n": {
      "version": "4.0.1",
      "resolved": "http://swwnexusp0.suvanet.ch:18081/nexus/repository/npm-all/y18n/-/y18n-4.0.1.tgz",
      "integrity": "sha512-wNcy4NvjMYL8gogWWYAO7ZFWFfHcbdbE57tZO8e4cbpj8tfUcwrwqSl3ad8HxpYWCdXcJUCeKKZS62Av1affwQ==",
      "dev": true
    },
    "yargs": {
      "version": "15.3.0",
      "resolved": "http://swwnexusp0.suvanet.ch:18081/nexus/repository/npm-all/yargs/-/yargs-15.3.0.tgz",
      "integrity": "sha512-g/QCnmjgOl1YJjGsnUg2SatC7NUYEiLXJqxNOQU9qSpjzGtGXda9b+OKccr1kLTy8BN9yqEyqfq5lxlwdc13TA==",
      "dev": true,
      "requires": {
        "cliui": "^6.0.0",
        "decamelize": "^1.2.0",
        "find-up": "^4.1.0",
        "get-caller-file": "^2.0.1",
        "require-directory": "^2.1.1",
        "require-main-filename": "^2.0.0",
        "set-blocking": "^2.0.0",
        "string-width": "^4.2.0",
        "which-module": "^2.0.0",
        "y18n": "^4.0.0",
        "yargs-parser": "^18.1.0"
      }
    },
    "yargs-parser": {
      "version": "18.1.3",
      "resolved": "http://swwnexusp0.suvanet.ch:18081/nexus/repository/npm-all/yargs-parser/-/yargs-parser-18.1.3.tgz",
      "integrity": "sha512-o50j0JeToy/4K6OZcaQmW6lyXXKhq7csREXcDwk2omFPJEwUNOVtJKvmDr9EI1fAJZUyZcRF7kxGBWmRXudrCQ==",
      "dev": true,
      "requires": {
        "camelcase": "^5.0.0",
        "decamelize": "^1.2.0"
      }
    },
    "zone.js": {
      "version": "0.10.3",
      "resolved": "http://swwnexusp0.suvanet.ch:18081/nexus/repository/npm-all/zone.js/-/zone.js-0.10.3.tgz",
      "integrity": "sha512-LXVLVEq0NNOqK/fLJo3d0kfzd4sxwn2/h67/02pjCjfKDxgx1i9QqpvtHD8CrBnSSwMw5+dy11O7FRX5mkO7Cg==",
      "dev": true
    }
  }
}
