# THIS IS AN AUTOGENERATED FILE. DO NOT EDIT THIS FILE DIRECTLY.
# yarn lockfile v1


"@angular/compiler-cli@~10.0.0":
  version "10.0.14"
  resolved "http://swwnexusp0.suvanet.ch:18081/nexus/repository/npm-all/@angular/compiler-cli/-/compiler-cli-10.0.14.tgz#0da5f62a3f62b4b36c8fcecf70baaaedbc84ab93"
  integrity sha512-WK+S90sjc+3iMo8/CuuAX0RdGFwyA9esqqC5fYG/MDZjKuPuhogiimmR0rY3P1Th7B9di8x012xiILbf4GsGUQ==
  dependencies:
    canonical-path "1.0.0"
    chokidar "^3.0.0"
    convert-source-map "^1.5.1"
    dependency-graph "^0.7.2"
    fs-extra "4.0.2"
    magic-string "^0.25.0"
    minimist "^1.2.0"
    reflect-metadata "^0.1.2"
    semver "^6.3.0"
    source-map "^0.6.1"
    sourcemap-codec "^1.4.8"
    tslib "^2.0.0"
    yargs "15.3.0"

"@angular/compiler@~10.0.0":
  version "10.0.14"
  resolved "http://swwnexusp0.suvanet.ch:18081/nexus/repository/npm-all/@angular/compiler/-/compiler-10.0.14.tgz#0a766786eaa8817137bda17b7e509efac385582d"
  integrity sha512-lYNo6/MmnYAVFoDQDBB6HMFd9zHg3RHXc6hn+wchU0XSWiIsg6WYHbKOb/DyqUEyKebzy0gSKZf7gUeZHtj62Q==
  dependencies:
    tslib "^2.0.0"

"@angular/core@~10.0.0":
  version "10.0.14"
  resolved "http://swwnexusp0.suvanet.ch:18081/nexus/repository/npm-all/@angular/core/-/core-10.0.14.tgz#000f091e6c17239232120fdca871fdac6b529ebd"
  integrity sha512-m+c9g6fA/gE+6K7It01b6r8TEmbuFjUZajQ9gG/pzist0mTBcqfvn0O4h5X+ebnSgw/bbnnp+4PbaXEi1pOWZQ==
  dependencies:
    tslib "^2.0.0"

"@ionic/storage@^2.3.1":
  version "2.3.1"
  resolved "http://swwnexusp0.suvanet.ch:18081/nexus/repository/npm-all/@ionic/storage/-/storage-2.3.1.tgz#38ceb2fc9085074cf60043c3485cbeeb92abab27"
  integrity sha512-IdYKr6xRatumkhceVbjmySCrA20KKcojQN0MyS857D4OgvcDtQhG9mvTXtfX/tU2hxaFlN6WkUaQOy3oPFcJvA==
  dependencies:
    localforage "1.7.1"
    localforage-cordovasqlitedriver "1.7.0"
    tslib "^1.10.0"

"@ngrx/effects@^10.1.0":
  version "10.1.0"
  resolved "http://swwnexusp0.suvanet.ch:18081/nexus/repository/npm-all/@ngrx/effects/-/effects-10.1.0.tgz#14efeb684e1e4a005a40357812c1fdd3aabb8489"
  integrity sha512-KQfEZAgTu317/xLc2WL/Qqf/DAEsBBCZNcMubSiuOZr7Sja/syW8tdOfm+jtAOYt4ORg8XX0W8aI54bxyliFDA==
  dependencies:
    tslib "^2.0.0"

"@ngrx/store@^10.1.0":
  version "10.1.0"
  resolved "http://swwnexusp0.suvanet.ch:18081/nexus/repository/npm-all/@ngrx/store/-/store-10.1.0.tgz#379aa38543fffd3e41ca8622434a171fe70ed6f8"
  integrity sha512-CBr9Jxd7Q4KYKNXuyhhd+AW2wzuScpH0aPdkbe7+PZOaUNTeBwGbrlmAr5L4FIJarmk4y0hZJH2o/gxRnp9mpQ==
  dependencies:
    tslib "^2.0.0"

ansi-regex@^5.0.0:
  version "5.0.0"
  resolved "http://swwnexusp0.suvanet.ch:18081/nexus/repository/npm-all/ansi-regex/-/ansi-regex-5.0.0.tgz#388539f55179bf39339c81af30a654d69f87cb75"
  integrity sha512-bY6fj56OUQ0hU1KjFNDQuJFezqKdrAyFdIevADiqrWHwSlbmBNMHp5ak2f40Pm8JTFyM2mqxkG6ngkHO11f/lg==

ansi-styles@^4.0.0:
  version "4.3.0"
  resolved "http://swwnexusp0.suvanet.ch:18081/nexus/repository/npm-all/ansi-styles/-/ansi-styles-4.3.0.tgz#edd803628ae71c04c85ae7a0906edad34b648937"
  integrity sha512-zbB9rCJAT1rbjiVDb2hqKFHNYLxgtk8NURxZ3IZwD3F6NtxbXZQCnnSi1Lkx+IDohdPlFp222wVALIheZJQSEg==
  dependencies:
    color-convert "^2.0.1"

anymatch@~3.1.1:
  version "3.1.1"
  resolved "http://swwnexusp0.suvanet.ch:18081/nexus/repository/npm-all/anymatch/-/anymatch-3.1.1.tgz#c55ecf02185e2469259399310c173ce31233b142"
  integrity sha512-mM8522psRCqzV+6LhomX5wgp25YVibjh8Wj23I5RPkPppSVSjyKD2A2mBJmWGa+KN7f2D6LNh9jkBCeyLktzjg==
  dependencies:
    normalize-path "^3.0.0"
    picomatch "^2.0.4"

balanced-match@^1.0.0:
  version "1.0.0"
  resolved "https://registry.yarnpkg.com/balanced-match/-/balanced-match-1.0.0.tgz#89b4d199ab2bee49de164ea02b89ce462d71b767"

binary-extensions@^2.0.0:
  version "2.1.0"
  resolved "http://swwnexusp0.suvanet.ch:18081/nexus/repository/npm-all/binary-extensions/-/binary-extensions-2.1.0.tgz#30fa40c9e7fe07dbc895678cd287024dea241dd9"
  integrity sha512-1Yj8h9Q+QDF5FzhMs/c9+6UntbD5MkRfRwac8DoEm9ZfUBZ7tZ55YcGVAzEe4bXsdQHEk+s9S5wsOKVdZrw0tQ==

brace-expansion@^1.1.7:
  version "1.1.8"
  resolved "https://registry.yarnpkg.com/brace-expansion/-/brace-expansion-1.1.8.tgz#c07b211c7c952ec1f8efd51a77ef0d1d3990a292"
  dependencies:
    balanced-match "^1.0.0"
    concat-map "0.0.1"

braces@~3.0.2:
  version "3.0.2"
  resolved "http://swwnexusp0.suvanet.ch:18081/nexus/repository/npm-all/braces/-/braces-3.0.2.tgz#3454e1a462ee8d599e236df336cd9ea4f8afe107"
  integrity sha512-b8um+L1RzM3WDSzvhm6gIz1yfTbBt6YTlcEKAvsmqCZZFw46z626lVj9j1yEPW33H5H+lBQpZMP1k8l+78Ha0A==
  dependencies:
    fill-range "^7.0.1"

camelcase@^5.0.0:
  version "5.3.1"
  resolved "http://swwnexusp0.suvanet.ch:18081/nexus/repository/npm-all/camelcase/-/camelcase-5.3.1.tgz#e3c9b31569e106811df242f715725a1f4c494320"
  integrity sha512-L28STB170nwWS63UjtlEOE3dldQApaJXZkOI1uMFfzf3rRuPegHaHesyee+YxQ+W6SvRDQV6UrdOdRiR153wJg==

canonical-path@1.0.0:
  version "1.0.0"
  resolved "http://swwnexusp0.suvanet.ch:18081/nexus/repository/npm-all/canonical-path/-/canonical-path-1.0.0.tgz#fcb470c23958def85081856be7a86e904f180d1d"
  integrity sha512-feylzsbDxi1gPZ1IjystzIQZagYYLvfKrSuygUCgf7z6x790VEzze5QEkdSV1U58RA7Hi0+v6fv4K54atOzATg==

chokidar@^3.0.0:
  version "3.4.3"
  resolved "http://swwnexusp0.suvanet.ch:18081/nexus/repository/npm-all/chokidar/-/chokidar-3.4.3.tgz#c1df38231448e45ca4ac588e6c79573ba6a57d5b"
  integrity sha512-DtM3g7juCXQxFVSNPNByEC2+NImtBuxQQvWlHunpJIS5Ocr0lG306cC7FCi7cEA0fzmybPUIl4txBIobk1gGOQ==
  dependencies:
    anymatch "~3.1.1"
    braces "~3.0.2"
    glob-parent "~5.1.0"
    is-binary-path "~2.1.0"
    is-glob "~4.0.1"
    normalize-path "~3.0.0"
    readdirp "~3.5.0"
  optionalDependencies:
    fsevents "~2.1.2"

cliui@^6.0.0:
  version "6.0.0"
  resolved "http://swwnexusp0.suvanet.ch:18081/nexus/repository/npm-all/cliui/-/cliui-6.0.0.tgz#511d702c0c4e41ca156d7d0e96021f23e13225b1"
  integrity sha512-t6wbgtoCXvAzst7QgXxJYqPt0usEfbgQdftEPbLL/cvv6HPE5VgvqCuAIDR0NgU52ds6rFwqrgakNLrHEjCbrQ==
  dependencies:
    string-width "^4.2.0"
    strip-ansi "^6.0.0"
    wrap-ansi "^6.2.0"

color-convert@^2.0.1:
  version "2.0.1"
  resolved "http://swwnexusp0.suvanet.ch:18081/nexus/repository/npm-all/color-convert/-/color-convert-2.0.1.tgz#72d3a68d598c9bdb3af2ad1e84f21d896abd4de3"
  integrity sha512-RRECPsj7iu/xb5oKYcsFHSppFNnsj/52OVTRKb4zP5onXwVF3zVmmToNcOfGC+CRDpfK/U584fMg38ZHCaElKQ==
  dependencies:
    color-name "~1.1.4"

color-name@~1.1.4:
  version "1.1.4"
  resolved "http://swwnexusp0.suvanet.ch:18081/nexus/repository/npm-all/color-name/-/color-name-1.1.4.tgz#c2a09a87acbde69543de6f63fa3995c826c536a2"
  integrity sha512-dOy+3AuW3a2wNbZHIuMZpTcgjGuLU/uBL/ubcZF9OXbDo8ff4O8yVp5Bf0efS8uEoYo5q4Fx7dY9OgQGXgAsQA==

concat-map@0.0.1:
  version "0.0.1"
  resolved "https://registry.yarnpkg.com/concat-map/-/concat-map-0.0.1.tgz#d8a96bd77fd68df7793a73036a3ba0d5405d477b"

convert-source-map@^1.5.1:
  version "1.7.0"
  resolved "http://swwnexusp0.suvanet.ch:18081/nexus/repository/npm-all/convert-source-map/-/convert-source-map-1.7.0.tgz#17a2cb882d7f77d3490585e2ce6c524424a3a442"
  integrity sha512-4FJkXzKXEDB1snCFZlLP4gpC3JILicCpGbzG9f9G7tGqGCzETQ2hWPrcinA9oU4wtf2biUaEH5065UnMeR33oA==
  dependencies:
    safe-buffer "~5.1.1"

decamelize@^1.2.0:
  version "1.2.0"
  resolved "http://swwnexusp0.suvanet.ch:18081/nexus/repository/npm-all/decamelize/-/decamelize-1.2.0.tgz#f6534d15148269b20352e7bee26f501f9a191290"
  integrity sha1-9lNNFRSCabIDUue+4m9QH5oZEpA=

dependency-graph@^0.7.2:
  version "0.7.2"
  resolved "http://swwnexusp0.suvanet.ch:18081/nexus/repository/npm-all/dependency-graph/-/dependency-graph-0.7.2.tgz#91db9de6eb72699209d88aea4c1fd5221cac1c49"
  integrity sha512-KqtH4/EZdtdfWX0p6MGP9jljvxSY6msy/pRUD4jgNwVpv3v1QmNLlsB3LDSSUg79BRVSn7jI1QPRtArGABovAQ==

emoji-regex@^8.0.0:
  version "8.0.0"
  resolved "http://swwnexusp0.suvanet.ch:18081/nexus/repository/npm-all/emoji-regex/-/emoji-regex-8.0.0.tgz#e818fd69ce5ccfcb404594f842963bf53164cc37"
  integrity sha512-MSjYzcWNOA0ewAHpz0MxpYFvwg6yjy1NG3xteoqz644VCo/RPgnr1/GGt+ic3iJTzQ8Eu3TdM14SawnVUmGE6A==

fill-range@^7.0.1:
  version "7.0.1"
  resolved "http://swwnexusp0.suvanet.ch:18081/nexus/repository/npm-all/fill-range/-/fill-range-7.0.1.tgz#1919a6a7c75fe38b2c7c77e5198535da9acdda40"
  integrity sha512-qOo9F+dMUmC2Lcb4BbVvnKJxTPjCm+RRpe4gDuGrzkL7mEVl/djYSu2OdQ2Pa302N4oqkSg9ir6jaLWJ2USVpQ==
  dependencies:
    to-regex-range "^5.0.1"

find-up@^4.1.0:
  version "4.1.0"
  resolved "http://swwnexusp0.suvanet.ch:18081/nexus/repository/npm-all/find-up/-/find-up-4.1.0.tgz#97afe7d6cdc0bc5928584b7c8d7b16e8a9aa5d19"
  integrity sha512-PpOwAdQ/YlXQ2vj8a3h8IipDuYRi3wceVQQGYWxNINccq40Anw7BlsEXCMbt1Zt+OLA6Fq9suIpIWD0OsnISlw==
  dependencies:
    locate-path "^5.0.0"
    path-exists "^4.0.0"

fs-extra@4.0.2:
  version "4.0.2"
  resolved "http://swwnexusp0.suvanet.ch:18081/nexus/repository/npm-all/fs-extra/-/fs-extra-4.0.2.tgz#f91704c53d1b461f893452b0c307d9997647ab6b"
  integrity sha1-+RcExT0bRh+JNFKwwwfZmXZHq2s=
  dependencies:
    graceful-fs "^4.1.2"
    jsonfile "^4.0.0"
    universalify "^0.1.0"

fs.realpath@^1.0.0:
  version "1.0.0"
  resolved "https://registry.yarnpkg.com/fs.realpath/-/fs.realpath-1.0.0.tgz#1504ad2523158caa40db4a2787cb01411994ea4f"

fsevents@~2.1.2:
  version "2.1.3"
  resolved "http://swwnexusp0.suvanet.ch:18081/nexus/repository/npm-all/fsevents/-/fsevents-2.1.3.tgz#fb738703ae8d2f9fe900c33836ddebee8b97f23e"
  integrity sha512-Auw9a4AxqWpa9GUfj370BMPzzyncfBABW8Mab7BGWBYDj4Isgq+cDKtx0i6u9jcX9pQDnswsaaOTgTmA5pEjuQ==

get-caller-file@^2.0.1:
  version "2.0.5"
  resolved "http://swwnexusp0.suvanet.ch:18081/nexus/repository/npm-all/get-caller-file/-/get-caller-file-2.0.5.tgz#4f94412a82db32f36e3b0b9741f8a97feb031f7e"
  integrity sha512-DyFP3BM/3YHTQOCUL/w0OZHR0lpKeGrxotcHWcqNEdnltqFwXVfhEBQ94eIo34AfQpo0rGki4cyIiftY06h2Fg==

glob-parent@~5.1.0:
  version "5.1.1"
  resolved "http://swwnexusp0.suvanet.ch:18081/nexus/repository/npm-all/glob-parent/-/glob-parent-5.1.1.tgz#b6c1ef417c4e5663ea498f1c45afac6916bbc229"
  integrity sha512-FnI+VGOpnlGHWZxthPGR+QhR78fuiK0sNLkHQv+bL9fQi57lNNdquIbna/WrfROrolq8GK5Ek6BiMwqL/voRYQ==
  dependencies:
    is-glob "^4.0.1"

glob@^7.0.5:
  version "7.1.2"
  resolved "https://registry.yarnpkg.com/glob/-/glob-7.1.2.tgz#c19c9df9a028702d678612384a6552404c636d15"
  dependencies:
    fs.realpath "^1.0.0"
    inflight "^1.0.4"
    inherits "2"
    minimatch "^3.0.4"
    once "^1.3.0"
    path-is-absolute "^1.0.0"

graceful-fs@^4.1.2, graceful-fs@^4.1.6:
  version "4.2.4"
  resolved "http://swwnexusp0.suvanet.ch:18081/nexus/repository/npm-all/graceful-fs/-/graceful-fs-4.2.4.tgz#2256bde14d3632958c465ebc96dc467ca07a29fb"
  integrity sha512-WjKPNJF79dtJAVniUlGGWHYGz2jWxT6VhN/4m1NdkbZ2nOsEF+cI1Edgql5zCRhs/VsQYRvrXctxktVXZUkixw==

immediate@~3.0.5:
  version "3.0.6"
  resolved "https://registry.yarnpkg.com/immediate/-/immediate-3.0.6.tgz#9db1dbd0faf8de6fbe0f5dd5e56bb606280de69b"

inflight@^1.0.4:
  version "1.0.6"
  resolved "https://registry.yarnpkg.com/inflight/-/inflight-1.0.6.tgz#49bd6331d7d02d0c09bc910a1075ba8165b56df9"
  dependencies:
    once "^1.3.0"
    wrappy "1"

inherits@2:
  version "2.0.3"
  resolved "https://registry.yarnpkg.com/inherits/-/inherits-2.0.3.tgz#633c2c83e3da42a502f52466022480f4208261de"

is-binary-path@~2.1.0:
  version "2.1.0"
  resolved "http://swwnexusp0.suvanet.ch:18081/nexus/repository/npm-all/is-binary-path/-/is-binary-path-2.1.0.tgz#ea1f7f3b80f064236e83470f86c09c254fb45b09"
  integrity sha512-ZMERYes6pDydyuGidse7OsHxtbI7WVeUEozgR/g7rd0xUimYNlvZRE/K2MgZTjWy725IfelLeVcEM97mmtRGXw==
  dependencies:
    binary-extensions "^2.0.0"

is-extglob@^2.1.1:
  version "2.1.1"
  resolved "http://swwnexusp0.suvanet.ch:18081/nexus/repository/npm-all/is-extglob/-/is-extglob-2.1.1.tgz#a88c02535791f02ed37c76a1b9ea9773c833f8c2"
  integrity sha1-qIwCU1eR8C7TfHahueqXc8gz+MI=

is-fullwidth-code-point@^3.0.0:
  version "3.0.0"
  resolved "http://swwnexusp0.suvanet.ch:18081/nexus/repository/npm-all/is-fullwidth-code-point/-/is-fullwidth-code-point-3.0.0.tgz#f116f8064fe90b3f7844a38997c0b75051269f1d"
  integrity sha512-zymm5+u+sCsSWyD9qNaejV3DFvhCKclKdizYaJUuHA83RLjb7nSuGnddCHGv0hk+KY7BMAlsWeK4Ueg6EV6XQg==

is-glob@^4.0.1, is-glob@~4.0.1:
  version "4.0.1"
  resolved "http://swwnexusp0.suvanet.ch:18081/nexus/repository/npm-all/is-glob/-/is-glob-4.0.1.tgz#7567dbe9f2f5e2467bc77ab83c4a29482407a5dc"
  integrity sha512-5G0tKtBTFImOqDnLB2hG6Bp2qcKEFduo4tZu9MT/H6NQv/ghhy30o55ufafxJ/LdH79LLs2Kfrn85TLKyA7BUg==
  dependencies:
    is-extglob "^2.1.1"

is-number@^7.0.0:
  version "7.0.0"
  resolved "http://swwnexusp0.suvanet.ch:18081/nexus/repository/npm-all/is-number/-/is-number-7.0.0.tgz#7535345b896734d5f80c4d06c50955527a14f12b"
  integrity sha512-41Cifkg6e8TylSpdtTpeLVMqvSBEVzTttHvERD741+pnZ8ANv0004MRL43QKPDlK9cGvNp6NZWZUBlbGXYxxng==

jsonfile@^4.0.0:
  version "4.0.0"
  resolved "http://swwnexusp0.suvanet.ch:18081/nexus/repository/npm-all/jsonfile/-/jsonfile-4.0.0.tgz#8771aae0799b64076b76640fca058f9c10e33ecb"
  integrity sha1-h3Gq4HmbZAdrdmQPygWPnBDjPss=
  optionalDependencies:
    graceful-fs "^4.1.6"

lie@3.1.1:
  version "3.1.1"
  resolved "http://swwnexusp0.suvanet.ch:18081/nexus/repository/npm-all/lie/-/lie-3.1.1.tgz#9a436b2cc7746ca59de7a41fa469b3efb76bd87e"
  integrity sha1-mkNrLMd0bKWd56QfpGmz77dr2H4=
  dependencies:
    immediate "~3.0.5"

localforage-cordovasqlitedriver@1.7.0:
  version "1.7.0"
  resolved "http://swwnexusp0.suvanet.ch:18081/nexus/repository/npm-all/localforage-cordovasqlitedriver/-/localforage-cordovasqlitedriver-1.7.0.tgz#8b93957759ee688d3a58d5ba7c0477f6ccb53838"
  integrity sha1-i5OVd1nuaI06WNW6fAR39sy1ODg=
  dependencies:
    localforage ">=1.5.0"

localforage@1.7.1:
  version "1.7.1"
  resolved "http://swwnexusp0.suvanet.ch:18081/nexus/repository/npm-all/localforage/-/localforage-1.7.1.tgz#e4927e042302b864db30f3211f13b5c6f0de965d"
  integrity sha1-5JJ+BCMCuGTbMPMhHxO1xvDell0=
  dependencies:
    lie "3.1.1"

localforage@>=1.5.0:
  version "1.9.0"
  resolved "http://swwnexusp0.suvanet.ch:18081/nexus/repository/npm-all/localforage/-/localforage-1.9.0.tgz#f3e4d32a8300b362b4634cc4e066d9d00d2f09d1"
  integrity sha512-rR1oyNrKulpe+VM9cYmcFn6tsHuokyVHFaCM3+osEmxaHTbEk8oQu6eGDfS6DQLWi/N67XRmB8ECG37OES368g==
  dependencies:
    lie "3.1.1"

locate-path@^5.0.0:
  version "5.0.0"
  resolved "http://swwnexusp0.suvanet.ch:18081/nexus/repository/npm-all/locate-path/-/locate-path-5.0.0.tgz#1afba396afd676a6d42504d0a67a3a7eb9f62aa0"
  integrity sha512-t7hw9pI+WvuwNJXwk5zVHpyhIqzg2qTlklJOf0mVxGSbe3Fp2VieZcduNYjaLDoy6p9uGpQEGWG87WpMKlNq8g==
  dependencies:
    p-locate "^4.1.0"

magic-string@^0.25.0:
  version "0.25.7"
  resolved "http://swwnexusp0.suvanet.ch:18081/nexus/repository/npm-all/magic-string/-/magic-string-0.25.7.tgz#3f497d6fd34c669c6798dcb821f2ef31f5445051"
  integrity sha512-4CrMT5DOHTDk4HYDlzmwu4FVCcIYI8gauveasrdCu2IKIFOJ3f0v/8MDGJCDL9oD2ppz/Av1b0Nj345H9M+XIA==
  dependencies:
    sourcemap-codec "^1.4.4"

minimatch@^3.0.4:
  version "3.0.4"
  resolved "https://registry.yarnpkg.com/minimatch/-/minimatch-3.0.4.tgz#5166e286457f03306064be5497e8dbb0c3d32083"
  dependencies:
    brace-expansion "^1.1.7"

minimist@^1.2.0:
  version "1.2.0"
  resolved "https://registry.yarnpkg.com/minimist/-/minimist-1.2.0.tgz#a35008b20f41383eec1fb914f4cd5df79a264284"

normalize-path@^3.0.0, normalize-path@~3.0.0:
  version "3.0.0"
  resolved "http://swwnexusp0.suvanet.ch:18081/nexus/repository/npm-all/normalize-path/-/normalize-path-3.0.0.tgz#0dcd69ff23a1c9b11fd0978316644a0388216a65"
  integrity sha512-6eZs5Ls3WtCisHWp9S2GUy8dqkpGi4BVSz3GaqiE6ezub0512ESztXUwUB6C6IKbQkY2Pnb/mD4WYojCRwcwLA==

once@^1.3.0:
  version "1.4.0"
  resolved "https://registry.yarnpkg.com/once/-/once-1.4.0.tgz#583b1aa775961d4b113ac17d9c50baef9dd76bd1"
  dependencies:
    wrappy "1"

p-limit@^2.2.0:
  version "2.3.0"
  resolved "http://swwnexusp0.suvanet.ch:18081/nexus/repository/npm-all/p-limit/-/p-limit-2.3.0.tgz#3dd33c647a214fdfffd835933eb086da0dc21db1"
  integrity sha512-//88mFWSJx8lxCzwdAABTJL2MyWB12+eIY7MDL2SqLmAkeKU9qxRvWuSyTjm3FUmpBEMuFfckAIqEaVGUDxb6w==
  dependencies:
    p-try "^2.0.0"

p-locate@^4.1.0:
  version "4.1.0"
  resolved "http://swwnexusp0.suvanet.ch:18081/nexus/repository/npm-all/p-locate/-/p-locate-4.1.0.tgz#a3428bb7088b3a60292f66919278b7c297ad4f07"
  integrity sha512-R79ZZ/0wAxKGu3oYMlz8jy/kbhsNrS7SKZ7PxEHBgJ5+F2mtFW2fK2cOtBh1cHYkQsbzFV7I+EoRKe6Yt0oK7A==
  dependencies:
    p-limit "^2.2.0"

p-try@^2.0.0:
  version "2.2.0"
  resolved "http://swwnexusp0.suvanet.ch:18081/nexus/repository/npm-all/p-try/-/p-try-2.2.0.tgz#cb2868540e313d61de58fafbe35ce9004d5540e6"
  integrity sha512-R4nPAVTAU0B9D35/Gk3uJf/7XYbQcyohSKdvAxIRSNghFl4e71hVoGnBNQz9cWaXxO2I10KTC+3jMdvvoKw6dQ==

path-exists@^4.0.0:
  version "4.0.0"
  resolved "http://swwnexusp0.suvanet.ch:18081/nexus/repository/npm-all/path-exists/-/path-exists-4.0.0.tgz#513bdbe2d3b95d7762e8c1137efa195c6c61b5b3"
  integrity sha512-ak9Qy5Q7jYb2Wwcey5Fpvg2KoAc/ZIhLSLOSBmRmygPsGwkVVt0fZa0qrtMz+m6tJTAHfZQ8FnmB4MG4LWy7/w==

path-is-absolute@^1.0.0:
  version "1.0.1"
  resolved "https://registry.yarnpkg.com/path-is-absolute/-/path-is-absolute-1.0.1.tgz#174b9268735534ffbc7ace6bf53a5a9e1b5c5f5f"

picomatch@^2.0.4, picomatch@^2.2.1:
  version "2.2.2"
  resolved "http://swwnexusp0.suvanet.ch:18081/nexus/repository/npm-all/picomatch/-/picomatch-2.2.2.tgz#21f333e9b6b8eaff02468f5146ea406d345f4dad"
  integrity sha512-q0M/9eZHzmr0AulXyPwNfZjtwZ/RBZlbN3K3CErVrk50T2ASYI7Bye0EvekFY3IP1Nt2DHu0re+V2ZHIpMkuWg==

readdirp@~3.5.0:
  version "3.5.0"
  resolved "http://swwnexusp0.suvanet.ch:18081/nexus/repository/npm-all/readdirp/-/readdirp-3.5.0.tgz#9ba74c019b15d365278d2e91bb8c48d7b4d42c9e"
  integrity sha512-cMhu7c/8rdhkHXWsY+osBhfSy0JikwpHK/5+imo+LpeasTF8ouErHrlYkwT0++njiyuDvc7OFY5T3ukvZ8qmFQ==
  dependencies:
    picomatch "^2.2.1"

reflect-metadata@^0.1.2:
  version "0.1.10"
  resolved "https://registry.yarnpkg.com/reflect-metadata/-/reflect-metadata-0.1.10.tgz#b4f83704416acad89988c9b15635d47e03b9344a"

require-directory@^2.1.1:
  version "2.1.1"
  resolved "http://swwnexusp0.suvanet.ch:18081/nexus/repository/npm-all/require-directory/-/require-directory-2.1.1.tgz#8c64ad5fd30dab1c976e2344ffe7f792a6a6df42"
  integrity sha1-jGStX9MNqxyXbiNE/+f3kqam30I=

require-main-filename@^2.0.0:
  version "2.0.0"
  resolved "http://swwnexusp0.suvanet.ch:18081/nexus/repository/npm-all/require-main-filename/-/require-main-filename-2.0.0.tgz#d0b329ecc7cc0f61649f62215be69af54aa8989b"
  integrity sha512-NKN5kMDylKuldxYLSUfrbo5Tuzh4hd+2E8NPPX02mZtn1VuREQToYe/ZdlJy+J3uCpfaiGF05e7B8W0iXbQHmg==

rimraf@latest:
  version "2.6.1"
  resolved "https://registry.yarnpkg.com/rimraf/-/rimraf-2.6.1.tgz#c2338ec643df7a1b7fe5c54fa86f57428a55f33d"
  dependencies:
    glob "^7.0.5"

rxjs@^6.6.3:
  version "6.6.3"
  resolved "http://swwnexusp0.suvanet.ch:18081/nexus/repository/npm-all/rxjs/-/rxjs-6.6.3.tgz#8ca84635c4daa900c0d3967a6ee7ac60271ee552"
  integrity sha512-trsQc+xYYXZ3urjOiJOuCOa5N3jAZ3eiSpQB5hIT8zGlL2QfnHLJ2r7GMkBGuIausdJN1OneaI6gQlsqNHHmZQ==
  dependencies:
    tslib "^1.9.0"

safe-buffer@~5.1.1:
  version "5.1.2"
  resolved "http://swwnexusp0.suvanet.ch:18081/nexus/repository/npm-all/safe-buffer/-/safe-buffer-5.1.2.tgz#991ec69d296e0313747d59bdfd2b745c35f8828d"
  integrity sha512-Gd2UZBJDkXlY7GbJxfsE8/nvKkUEU1G38c1siN6QP6a9PT9MmHB8GnpscSmMJSoF8LOIrt8ud/wPtojys4G6+g==

semver@^6.3.0:
  version "6.3.0"
  resolved "http://swwnexusp0.suvanet.ch:18081/nexus/repository/npm-all/semver/-/semver-6.3.0.tgz#ee0a64c8af5e8ceea67687b133761e1becbd1d3d"
  integrity sha512-b39TBaTSfV6yBrapU89p5fKekE2m/NwnDocOVruQFS1/veMgdzuPcnOM34M6CwxW8jH/lxEa5rBoDeUwu5HHTw==

set-blocking@^2.0.0:
  version "2.0.0"
  resolved "http://swwnexusp0.suvanet.ch:18081/nexus/repository/npm-all/set-blocking/-/set-blocking-2.0.0.tgz#045f9782d011ae9a6803ddd382b24392b3d890f7"
  integrity sha1-BF+XgtARrppoA93TgrJDkrPYkPc=

source-map@^0.6.1:
  version "0.6.1"
  resolved "http://swwnexusp0.suvanet.ch:18081/nexus/repository/npm-all/source-map/-/source-map-0.6.1.tgz#74722af32e9614e9c287a8d0bbde48b5e2f1a263"
  integrity sha512-UjgapumWlbMhkBgzT7Ykc5YXUT46F0iKu8SGXq0bcwP5dz/h0Plj6enJqjz1Zbq2l5WaqYnrVbwWOWMyF3F47g==

sourcemap-codec@^1.4.4, sourcemap-codec@^1.4.8:
  version "1.4.8"
  resolved "http://swwnexusp0.suvanet.ch:18081/nexus/repository/npm-all/sourcemap-codec/-/sourcemap-codec-1.4.8.tgz#ea804bd94857402e6992d05a38ef1ae35a9ab4c4"
  integrity sha512-9NykojV5Uih4lgo5So5dtw+f0JgJX30KCNI8gwhz2J9A15wD0Ml6tjHKwf6fTSa6fAdVBdZeNOs9eJ71qCk8vA==

string-width@^4.1.0, string-width@^4.2.0:
  version "4.2.0"
  resolved "http://swwnexusp0.suvanet.ch:18081/nexus/repository/npm-all/string-width/-/string-width-4.2.0.tgz#952182c46cc7b2c313d1596e623992bd163b72b5"
  integrity sha512-zUz5JD+tgqtuDjMhwIg5uFVV3dtqZ9yQJlZVfq4I01/K5Paj5UHj7VyrQOJvzawSVlKpObApbfD0Ed6yJc+1eg==
  dependencies:
    emoji-regex "^8.0.0"
    is-fullwidth-code-point "^3.0.0"
    strip-ansi "^6.0.0"

strip-ansi@^6.0.0:
  version "6.0.0"
  resolved "http://swwnexusp0.suvanet.ch:18081/nexus/repository/npm-all/strip-ansi/-/strip-ansi-6.0.0.tgz#0b1571dd7669ccd4f3e06e14ef1eed26225ae532"
  integrity sha512-AuvKTrTfQNYNIctbR1K/YGTR1756GycPsg7b9bdV9Duqur4gv6aKqHXah67Z8ImS7WEz5QVcOtlfW2rZEugt6w==
  dependencies:
    ansi-regex "^5.0.0"

to-regex-range@^5.0.1:
  version "5.0.1"
  resolved "http://swwnexusp0.suvanet.ch:18081/nexus/repository/npm-all/to-regex-range/-/to-regex-range-5.0.1.tgz#1648c44aae7c8d988a326018ed72f5b4dd0392e4"
  integrity sha512-65P7iz6X5yEr1cwcgvQxbbIw7Uk3gOy5dIdtZ4rDveLqhrdJP+Li/Hx6tyK0NEb+2GCyneCMJiGqrADCSNk8sQ==
  dependencies:
    is-number "^7.0.0"

tslib@^1.10.0, tslib@^1.9.0:
  version "1.14.1"
  resolved "http://swwnexusp0.suvanet.ch:18081/nexus/repository/npm-all/tslib/-/tslib-1.14.1.tgz#cf2d38bdc34a134bcaf1091c41f6619e2f672d00"
  integrity sha512-Xni35NKzjgMrwevysHTCArtLDpPvye8zV/0E4EyYn43P7/7qvQwPh9BGkHewbMulVntbigmcT7rdX3BNo9wRJg==

tslib@^2.0.0:
  version "2.0.3"
  resolved "http://swwnexusp0.suvanet.ch:18081/nexus/repository/npm-all/tslib/-/tslib-2.0.3.tgz#8e0741ac45fc0c226e58a17bfc3e64b9bc6ca61c"
  integrity sha512-uZtkfKblCEQtZKBF6EBXVZeQNl82yqtDQdv+eck8u7tdPxjLu2/lp5/uPW+um2tpuxINHWy3GhiccY7QgEaVHQ==

typescript@^3.9.7:
  version "3.9.7"
  resolved "http://swwnexusp0.suvanet.ch:18081/nexus/repository/npm-all/typescript/-/typescript-3.9.7.tgz#98d600a5ebdc38f40cb277522f12dc800e9e25fa"
  integrity sha512-BLbiRkiBzAwsjut4x/dsibSTB6yWpwT5qWmC2OfuCg3GgVQCSgMs4vEctYPhsaGtd0AeuuHMkjZ2h2WG8MSzRw==

universalify@^0.1.0:
  version "0.1.2"
  resolved "http://swwnexusp0.suvanet.ch:18081/nexus/repository/npm-all/universalify/-/universalify-0.1.2.tgz#b646f69be3942dabcecc9d6639c80dc105efaa66"
  integrity sha512-rBJeI5CXAlmy1pV+617WB9J63U6XcazHHF2f2dbJix4XzpUF0RS3Zbj0FGIOCAva5P/d/GBOYaACQ1w+0azUkg==

which-module@^2.0.0:
  version "2.0.0"
  resolved "http://swwnexusp0.suvanet.ch:18081/nexus/repository/npm-all/which-module/-/which-module-2.0.0.tgz#d9ef07dce77b9902b8a3a8fa4b31c3e3f7e6e87a"
  integrity sha1-2e8H3Od7mQK4o6j6SzHD4/fm6Ho=

wrap-ansi@^6.2.0:
  version "6.2.0"
  resolved "http://swwnexusp0.suvanet.ch:18081/nexus/repository/npm-all/wrap-ansi/-/wrap-ansi-6.2.0.tgz#e9393ba07102e6c91a3b221478f0257cd2856e53"
  integrity sha512-r6lPcBGxZXlIcymEu7InxDMhdW0KDxpLgoFLcguasxCaJ/SOIZwINatK9KY/tf+ZrlywOKU0UDj3ATXUBfxJXA==
  dependencies:
    ansi-styles "^4.0.0"
    string-width "^4.1.0"
    strip-ansi "^6.0.0"

wrappy@1:
  version "1.0.2"
  resolved "https://registry.yarnpkg.com/wrappy/-/wrappy-1.0.2.tgz#b5243d8f3ec1aa35f1364605bc0d1036e30ab69f"

y18n@^4.0.0:
  version "4.0.1"
  resolved "http://swwnexusp0.suvanet.ch:18081/nexus/repository/npm-all/y18n/-/y18n-4.0.1.tgz#8db2b83c31c5d75099bb890b23f3094891e247d4"
  integrity sha512-wNcy4NvjMYL8gogWWYAO7ZFWFfHcbdbE57tZO8e4cbpj8tfUcwrwqSl3ad8HxpYWCdXcJUCeKKZS62Av1affwQ==

yargs-parser@^18.1.0:
  version "18.1.3"
  resolved "http://swwnexusp0.suvanet.ch:18081/nexus/repository/npm-all/yargs-parser/-/yargs-parser-18.1.3.tgz#be68c4975c6b2abf469236b0c870362fab09a7b0"
  integrity sha512-o50j0JeToy/4K6OZcaQmW6lyXXKhq7csREXcDwk2omFPJEwUNOVtJKvmDr9EI1fAJZUyZcRF7kxGBWmRXudrCQ==
  dependencies:
    camelcase "^5.0.0"
    decamelize "^1.2.0"

yargs@15.3.0:
  version "15.3.0"
  resolved "http://swwnexusp0.suvanet.ch:18081/nexus/repository/npm-all/yargs/-/yargs-15.3.0.tgz#403af6edc75b3ae04bf66c94202228ba119f0976"
  integrity sha512-g/QCnmjgOl1YJjGsnUg2SatC7NUYEiLXJqxNOQU9qSpjzGtGXda9b+OKccr1kLTy8BN9yqEyqfq5lxlwdc13TA==
  dependencies:
    cliui "^6.0.0"
    decamelize "^1.2.0"
    find-up "^4.1.0"
    get-caller-file "^2.0.1"
    require-directory "^2.1.1"
    require-main-filename "^2.0.0"
    set-blocking "^2.0.0"
    string-width "^4.2.0"
    which-module "^2.0.0"
    y18n "^4.0.0"
    yargs-parser "^18.1.0"

zone.js@~0.10.3:
  version "0.10.3"
  resolved "http://swwnexusp0.suvanet.ch:18081/nexus/repository/npm-all/zone.js/-/zone.js-0.10.3.tgz#3e5e4da03c607c9dcd92e37dd35687a14a140c16"
  integrity sha512-LXVLVEq0NNOqK/fLJo3d0kfzd4sxwn2/h67/02pjCjfKDxgx1i9QqpvtHD8CrBnSSwMw5+dy11O7FRX5mkO7Cg==
